
Microsoft Visual Studio Solution File, Format Version 12.00
# Visual Studio 15
VisualStudioVersion = 15.0.26403.7
MinimumVisualStudioVersion = 10.0.40219.1
Project("{8BC9CEB8-8B4A-11D0-8D11-00A0C91BC942}") = "agaliarept", "src\agaliarept\agaliarept.vcxproj", "{3DD31263-A5C9-41D5-9E58-3BBB6B8BEFDA}"
EndProject
Project("{8BC9CEB8-8B4A-11D0-8D11-00A0C91BC942}") = "agalia", "src\agalia\agalia.vcxproj", "{43B60934-0F88-406F-85EE-2829BEC62591}"
EndProject
Project("{8BC9CEB8-8B4A-11D0-8D11-00A0C91BC942}") = "agalia_console", "src\agalia_console\agalia_console.vcxproj", "{01465583-7712-4B43-8EEC-F925B81CE82B}"
EndProject
Project("{8BC9CEB8-8B4A-11D0-8D11-00A0C91BC942}") = "agalia.com", "src\agalia.com\agalia.com.vcxproj", "{631CE6D5-A9F0-44ED-AE8C-DA96EA29601A}"
	ProjectSection(ProjectDependencies) = postProject
		{01465583-7712-4B43-8EEC-F925B81CE82B} = {01465583-7712-4B43-8EEC-F925B81CE82B}
	EndProjectSection
EndProject
Project("{8BC9CEB8-8B4A-11D0-8D11-00A0C91BC942}") = "unit_test", "src\unit_test\unit_test.vcxproj", "{4F88D928-AA34-4D25-88C1-4DCF49CAB619}"
EndProject
Project("{54435603-DBB4-11D2-8724-00A0C9A8B90C}") = "setup.x64", "setup\x64\x64.vdproj", "{0E2BDAC3-3AA0-4E43-B8E5-A6A3C55F7425}"
EndProject
Project("{54435603-DBB4-11D2-8724-00A0C9A8B90C}") = "setup.x86", "setup\x86\x86.vdproj", "{14CFD011-1D27-459B-AFC3-F1AE605C621D}"
EndProject
Global
	GlobalSection(SolutionConfigurationPlatforms) = preSolution
		Debug|x64 = Debug|x64
		Debug|x86 = Debug|x86
		Release|x64 = Release|x64
		Release|x86 = Release|x86
	EndGlobalSection
	GlobalSection(ProjectConfigurationPlatforms) = postSolution
		{3DD31263-A5C9-41D5-9E58-3BBB6B8BEFDA}.Debug|x64.ActiveCfg = Debug|x64
		{3DD31263-A5C9-41D5-9E58-3BBB6B8BEFDA}.Debug|x64.Build.0 = Debug|x64
		{3DD31263-A5C9-41D5-9E58-3BBB6B8BEFDA}.Debug|x64.Deploy.0 = Debug|x64
		{3DD31263-A5C9-41D5-9E58-3BBB6B8BEFDA}.Debug|x86.ActiveCfg = Debug|Win32
		{3DD31263-A5C9-41D5-9E58-3BBB6B8BEFDA}.Debug|x86.Build.0 = Debug|Win32
		{3DD31263-A5C9-41D5-9E58-3BBB6B8BEFDA}.Debug|x86.Deploy.0 = Debug|Win32
		{3DD31263-A5C9-41D5-9E58-3BBB6B8BEFDA}.Release|x64.ActiveCfg = Release|x64
		{3DD31263-A5C9-41D5-9E58-3BBB6B8BEFDA}.Release|x64.Build.0 = Release|x64
		{3DD31263-A5C9-41D5-9E58-3BBB6B8BEFDA}.Release|x64.Deploy.0 = Release|x64
		{3DD31263-A5C9-41D5-9E58-3BBB6B8BEFDA}.Release|x86.ActiveCfg = Release|Win32
		{3DD31263-A5C9-41D5-9E58-3BBB6B8BEFDA}.Release|x86.Build.0 = Release|Win32
		{3DD31263-A5C9-41D5-9E58-3BBB6B8BEFDA}.Release|x86.Deploy.0 = Release|Win32
		{43B60934-0F88-406F-85EE-2829BEC62591}.Debug|x64.ActiveCfg = Debug|x64
		{43B60934-0F88-406F-85EE-2829BEC62591}.Debug|x64.Build.0 = Debug|x64
		{43B60934-0F88-406F-85EE-2829BEC62591}.Debug|x86.ActiveCfg = Debug|Win32
		{43B60934-0F88-406F-85EE-2829BEC62591}.Debug|x86.Build.0 = Debug|Win32
		{43B60934-0F88-406F-85EE-2829BEC62591}.Release|x64.ActiveCfg = Release|x64
		{43B60934-0F88-406F-85EE-2829BEC62591}.Release|x64.Build.0 = Release|x64
		{43B60934-0F88-406F-85EE-2829BEC62591}.Release|x86.ActiveCfg = Release|Win32
		{43B60934-0F88-406F-85EE-2829BEC62591}.Release|x86.Build.0 = Release|Win32
		{01465583-7712-4B43-8EEC-F925B81CE82B}.Debug|x64.ActiveCfg = Debug|x64
		{01465583-7712-4B43-8EEC-F925B81CE82B}.Debug|x64.Build.0 = Debug|x64
		{01465583-7712-4B43-8EEC-F925B81CE82B}.Debug|x86.ActiveCfg = Debug|Win32
		{01465583-7712-4B43-8EEC-F925B81CE82B}.Debug|x86.Build.0 = Debug|Win32
		{01465583-7712-4B43-8EEC-F925B81CE82B}.Release|x64.ActiveCfg = Release|x64
		{01465583-7712-4B43-8EEC-F925B81CE82B}.Release|x64.Build.0 = Release|x64
		{01465583-7712-4B43-8EEC-F925B81CE82B}.Release|x86.ActiveCfg = Release|Win32
		{01465583-7712-4B43-8EEC-F925B81CE82B}.Release|x86.Build.0 = Release|Win32
		{631CE6D5-A9F0-44ED-AE8C-DA96EA29601A}.Debug|x64.ActiveCfg = Debug|x64
		{631CE6D5-A9F0-44ED-AE8C-DA96EA29601A}.Debug|x64.Build.0 = Debug|x64
		{631CE6D5-A9F0-44ED-AE8C-DA96EA29601A}.Debug|x86.ActiveCfg = Debug|Win32
		{631CE6D5-A9F0-44ED-AE8C-DA96EA29601A}.Debug|x86.Build.0 = Debug|Win32
		{631CE6D5-A9F0-44ED-AE8C-DA96EA29601A}.Release|x64.ActiveCfg = Release|x64
		{631CE6D5-A9F0-44ED-AE8C-DA96EA29601A}.Release|x64.Build.0 = Release|x64
		{631CE6D5-A9F0-44ED-AE8C-DA96EA29601A}.Release|x86.ActiveCfg = Release|Win32
		{631CE6D5-A9F0-44ED-AE8C-DA96EA29601A}.Release|x86.Build.0 = Release|Win32
		{4F88D928-AA34-4D25-88C1-4DCF49CAB619}.Debug|x64.ActiveCfg = Debug|x64
		{4F88D928-AA34-4D25-88C1-4DCF49CAB619}.Debug|x64.Build.0 = Debug|x64
		{4F88D928-AA34-4D25-88C1-4DCF49CAB619}.Debug|x86.ActiveCfg = Debug|Win32
		{4F88D928-AA34-4D25-88C1-4DCF49CAB619}.Debug|x86.Build.0 = Debug|Win32
		{4F88D928-AA34-4D25-88C1-4DCF49CAB619}.Release|x64.ActiveCfg = Release|x64
		{4F88D928-AA34-4D25-88C1-4DCF49CAB619}.Release|x64.Build.0 = Release|x64
		{4F88D928-AA34-4D25-88C1-4DCF49CAB619}.Release|x86.ActiveCfg = Release|Win32
		{4F88D928-AA34-4D25-88C1-4DCF49CAB619}.Release|x86.Build.0 = Release|Win32
		{0E2BDAC3-3AA0-4E43-B8E5-A6A3C55F7425}.Debug|x64.ActiveCfg = Debug
		{0E2BDAC3-3AA0-4E43-B8E5-A6A3C55F7425}.Debug|x64.Build.0 = Debug
		{0E2BDAC3-3AA0-4E43-B8E5-A6A3C55F7425}.Debug|x86.ActiveCfg = Debug
		{0E2BDAC3-3AA0-4E43-B8E5-A6A3C55F7425}.Release|x64.ActiveCfg = Release
		{0E2BDAC3-3AA0-4E43-B8E5-A6A3C55F7425}.Release|x64.Build.0 = Release
		{0E2BDAC3-3AA0-4E43-B8E5-A6A3C55F7425}.Release|x86.ActiveCfg = Release
		{14CFD011-1D27-459B-AFC3-F1AE605C621D}.Debug|x64.ActiveCfg = Debug
		{14CFD011-1D27-459B-AFC3-F1AE605C621D}.Debug|x86.ActiveCfg = Debug
		{14CFD011-1D27-459B-AFC3-F1AE605C621D}.Debug|x86.Build.0 = Debug
		{14CFD011-1D27-459B-AFC3-F1AE605C621D}.Release|x64.ActiveCfg = Release
		{14CFD011-1D27-459B-AFC3-F1AE605C621D}.Release|x86.ActiveCfg = Release
		{14CFD011-1D27-459B-AFC3-F1AE605C621D}.Release|x86.Build.0 = Release
	EndGlobalSection
	GlobalSection(SolutionProperties) = preSolution
		HideSolutionNode = FALSE
	EndGlobalSection
EndGlobal
