
Microsoft Visual Studio Solution File, Format Version 12.00
# Visual Studio Version 17
VisualStudioVersion = 17.2.32630.192
MinimumVisualStudioVersion = 10.0.40219.1
Project("{8BC9CEB8-8B4A-11D0-8D11-00A0C91BC942}") = "agalia", "src\agalia\agalia.vcxproj", "{D935FBD3-54BD-47C3-9C91-5AD3BCAF3157}"
	ProjectSection(ProjectDependencies) = postProject
		{261B9278-A886-433F-A71E-1A4D121A368E} = {261B9278-A886-433F-A71E-1A4D121A368E}
	EndProjectSection
EndProject
Project("{8BC9CEB8-8B4A-11D0-8D11-00A0C91BC942}") = "agaliarept", "src\agaliarept\agaliarept.vcxproj", "{741AFF56-3282-4EAE-8464-B27BF983911D}"
	ProjectSection(ProjectDependencies) = postProject
		{261B9278-A886-433F-A71E-1A4D121A368E} = {261B9278-A886-433F-A71E-1A4D121A368E}
	EndProjectSection
EndProject
Project("{8BC9CEB8-8B4A-11D0-8D11-00A0C91BC942}") = "unit_test", "src\unit_test\unit_test.vcxproj", "{E2B9AFCC-A04F-4E0C-BDA1-8B038A93B9AC}"
EndProject
Project("{8BC9CEB8-8B4A-11D0-8D11-00A0C91BC942}") = "agalia_console", "src\agalia_console\agalia_console.vcxproj", "{C94D7825-0AE2-4594-A928-120A7B033683}"
EndProject
Project("{8BC9CEB8-8B4A-11D0-8D11-00A0C91BC942}") = "agalia.com", "src\agalia.com\agalia.com.vcxproj", "{67B161B2-A53F-40D1-AA75-1803801C47F3}"
	ProjectSection(ProjectDependencies) = postProject
		{C94D7825-0AE2-4594-A928-120A7B033683} = {C94D7825-0AE2-4594-A928-120A7B033683}
	EndProjectSection
EndProject
Project("{54435603-DBB4-11D2-8724-00A0C9A8B90C}") = "setup.x64", "setup\setup.x64\setup.x64.vdproj", "{3A998E11-F3BA-47EB-9B27-852E74B1EC6C}"
EndProject
Project("{54435603-DBB4-11D2-8724-00A0C9A8B90C}") = "setup.x86", "setup\setup.x86\setup.x86.vdproj", "{5785466C-7D37-42EA-9B6B-BCD94C67ABBC}"
EndProject
Project("{8BC9CEB8-8B4A-11D0-8D11-00A0C91BC942}") = "decode", "src\decode\decode.vcxproj", "{261B9278-A886-433F-A71E-1A4D121A368E}"
EndProject
Project("{8BC9CEB8-8B4A-11D0-8D11-00A0C91BC942}") = "decode_WIC", "src\decode_WIC\decode_WIC.vcxproj", "{D50B1ACB-A5FF-4621-9EBA-A7619031E350}"
EndProject
Project("{8BC9CEB8-8B4A-11D0-8D11-00A0C91BC942}") = "decode_MF", "src\decode_MF\decode_MF.vcxproj", "{42EF8C68-56E4-4349-BFC4-5F76BE011323}"
EndProject
Project("{8BC9CEB8-8B4A-11D0-8D11-00A0C91BC942}") = "decode_openjpeg", "src\decode_openjpeg\decode_openjpeg.vcxproj", "{B5BA6819-E088-48DB-A585-85E2017B1B9F}"
EndProject
Global
	GlobalSection(SolutionConfigurationPlatforms) = preSolution
		Debug|x64 = Debug|x64
		Debug|x86 = Debug|x86
		Release|x64 = Release|x64
		Release|x86 = Release|x86
	EndGlobalSection
	GlobalSection(ProjectConfigurationPlatforms) = postSolution
		{D935FBD3-54BD-47C3-9C91-5AD3BCAF3157}.Debug|x64.ActiveCfg = Debug|x64
		{D935FBD3-54BD-47C3-9C91-5AD3BCAF3157}.Debug|x64.Build.0 = Debug|x64
		{D935FBD3-54BD-47C3-9C91-5AD3BCAF3157}.Debug|x86.ActiveCfg = Debug|Win32
		{D935FBD3-54BD-47C3-9C91-5AD3BCAF3157}.Debug|x86.Build.0 = Debug|Win32
		{D935FBD3-54BD-47C3-9C91-5AD3BCAF3157}.Release|x64.ActiveCfg = Release|x64
		{D935FBD3-54BD-47C3-9C91-5AD3BCAF3157}.Release|x64.Build.0 = Release|x64
		{D935FBD3-54BD-47C3-9C91-5AD3BCAF3157}.Release|x86.ActiveCfg = Release|Win32
		{D935FBD3-54BD-47C3-9C91-5AD3BCAF3157}.Release|x86.Build.0 = Release|Win32
		{741AFF56-3282-4EAE-8464-B27BF983911D}.Debug|x64.ActiveCfg = Debug|x64
		{741AFF56-3282-4EAE-8464-B27BF983911D}.Debug|x64.Build.0 = Debug|x64
		{741AFF56-3282-4EAE-8464-B27BF983911D}.Debug|x86.ActiveCfg = Debug|Win32
		{741AFF56-3282-4EAE-8464-B27BF983911D}.Debug|x86.Build.0 = Debug|Win32
		{741AFF56-3282-4EAE-8464-B27BF983911D}.Release|x64.ActiveCfg = Release|x64
		{741AFF56-3282-4EAE-8464-B27BF983911D}.Release|x64.Build.0 = Release|x64
		{741AFF56-3282-4EAE-8464-B27BF983911D}.Release|x86.ActiveCfg = Release|Win32
		{741AFF56-3282-4EAE-8464-B27BF983911D}.Release|x86.Build.0 = Release|Win32
		{E2B9AFCC-A04F-4E0C-BDA1-8B038A93B9AC}.Debug|x64.ActiveCfg = Debug|x64
		{E2B9AFCC-A04F-4E0C-BDA1-8B038A93B9AC}.Debug|x64.Build.0 = Debug|x64
		{E2B9AFCC-A04F-4E0C-BDA1-8B038A93B9AC}.Debug|x86.ActiveCfg = Debug|Win32
		{E2B9AFCC-A04F-4E0C-BDA1-8B038A93B9AC}.Debug|x86.Build.0 = Debug|Win32
		{E2B9AFCC-A04F-4E0C-BDA1-8B038A93B9AC}.Release|x64.ActiveCfg = Release|x64
		{E2B9AFCC-A04F-4E0C-BDA1-8B038A93B9AC}.Release|x64.Build.0 = Release|x64
		{E2B9AFCC-A04F-4E0C-BDA1-8B038A93B9AC}.Release|x86.ActiveCfg = Release|Win32
		{E2B9AFCC-A04F-4E0C-BDA1-8B038A93B9AC}.Release|x86.Build.0 = Release|Win32
		{C94D7825-0AE2-4594-A928-120A7B033683}.Debug|x64.ActiveCfg = Debug|x64
		{C94D7825-0AE2-4594-A928-120A7B033683}.Debug|x64.Build.0 = Debug|x64
		{C94D7825-0AE2-4594-A928-120A7B033683}.Debug|x86.ActiveCfg = Debug|Win32
		{C94D7825-0AE2-4594-A928-120A7B033683}.Debug|x86.Build.0 = Debug|Win32
		{C94D7825-0AE2-4594-A928-120A7B033683}.Release|x64.ActiveCfg = Release|x64
		{C94D7825-0AE2-4594-A928-120A7B033683}.Release|x64.Build.0 = Release|x64
		{C94D7825-0AE2-4594-A928-120A7B033683}.Release|x86.ActiveCfg = Release|Win32
		{C94D7825-0AE2-4594-A928-120A7B033683}.Release|x86.Build.0 = Release|Win32
		{67B161B2-A53F-40D1-AA75-1803801C47F3}.Debug|x64.ActiveCfg = Debug|x64
		{67B161B2-A53F-40D1-AA75-1803801C47F3}.Debug|x64.Build.0 = Debug|x64
		{67B161B2-A53F-40D1-AA75-1803801C47F3}.Debug|x86.ActiveCfg = Debug|Win32
		{67B161B2-A53F-40D1-AA75-1803801C47F3}.Debug|x86.Build.0 = Debug|Win32
		{67B161B2-A53F-40D1-AA75-1803801C47F3}.Release|x64.ActiveCfg = Release|x64
		{67B161B2-A53F-40D1-AA75-1803801C47F3}.Release|x64.Build.0 = Release|x64
		{67B161B2-A53F-40D1-AA75-1803801C47F3}.Release|x86.ActiveCfg = Release|Win32
		{67B161B2-A53F-40D1-AA75-1803801C47F3}.Release|x86.Build.0 = Release|Win32
		{3A998E11-F3BA-47EB-9B27-852E74B1EC6C}.Debug|x64.ActiveCfg = Debug
		{3A998E11-F3BA-47EB-9B27-852E74B1EC6C}.Debug|x86.ActiveCfg = Debug
		{3A998E11-F3BA-47EB-9B27-852E74B1EC6C}.Release|x64.ActiveCfg = Release
		{3A998E11-F3BA-47EB-9B27-852E74B1EC6C}.Release|x86.ActiveCfg = Release
		{5785466C-7D37-42EA-9B6B-BCD94C67ABBC}.Debug|x64.ActiveCfg = Debug
		{5785466C-7D37-42EA-9B6B-BCD94C67ABBC}.Debug|x86.ActiveCfg = Debug
		{5785466C-7D37-42EA-9B6B-BCD94C67ABBC}.Release|x64.ActiveCfg = Release
		{5785466C-7D37-42EA-9B6B-BCD94C67ABBC}.Release|x86.ActiveCfg = Release
		{261B9278-A886-433F-A71E-1A4D121A368E}.Debug|x64.ActiveCfg = Debug|x64
		{261B9278-A886-433F-A71E-1A4D121A368E}.Debug|x64.Build.0 = Debug|x64
		{261B9278-A886-433F-A71E-1A4D121A368E}.Debug|x86.ActiveCfg = Debug|Win32
		{261B9278-A886-433F-A71E-1A4D121A368E}.Debug|x86.Build.0 = Debug|Win32
		{261B9278-A886-433F-A71E-1A4D121A368E}.Release|x64.ActiveCfg = Release|x64
		{261B9278-A886-433F-A71E-1A4D121A368E}.Release|x64.Build.0 = Release|x64
		{261B9278-A886-433F-A71E-1A4D121A368E}.Release|x86.ActiveCfg = Release|Win32
		{261B9278-A886-433F-A71E-1A4D121A368E}.Release|x86.Build.0 = Release|Win32
		{D50B1ACB-A5FF-4621-9EBA-A7619031E350}.Debug|x64.ActiveCfg = Debug|x64
		{D50B1ACB-A5FF-4621-9EBA-A7619031E350}.Debug|x64.Build.0 = Debug|x64
		{D50B1ACB-A5FF-4621-9EBA-A7619031E350}.Debug|x86.ActiveCfg = Debug|Win32
		{D50B1ACB-A5FF-4621-9EBA-A7619031E350}.Debug|x86.Build.0 = Debug|Win32
		{D50B1ACB-A5FF-4621-9EBA-A7619031E350}.Release|x64.ActiveCfg = Release|x64
		{D50B1ACB-A5FF-4621-9EBA-A7619031E350}.Release|x64.Build.0 = Release|x64
		{D50B1ACB-A5FF-4621-9EBA-A7619031E350}.Release|x86.ActiveCfg = Release|Win32
		{D50B1ACB-A5FF-4621-9EBA-A7619031E350}.Release|x86.Build.0 = Release|Win32
		{42EF8C68-56E4-4349-BFC4-5F76BE011323}.Debug|x64.ActiveCfg = Debug|x64
		{42EF8C68-56E4-4349-BFC4-5F76BE011323}.Debug|x64.Build.0 = Debug|x64
		{42EF8C68-56E4-4349-BFC4-5F76BE011323}.Debug|x86.ActiveCfg = Debug|Win32
		{42EF8C68-56E4-4349-BFC4-5F76BE011323}.Debug|x86.Build.0 = Debug|Win32
		{42EF8C68-56E4-4349-BFC4-5F76BE011323}.Release|x64.ActiveCfg = Release|x64
		{42EF8C68-56E4-4349-BFC4-5F76BE011323}.Release|x64.Build.0 = Release|x64
		{42EF8C68-56E4-4349-BFC4-5F76BE011323}.Release|x86.ActiveCfg = Release|Win32
		{42EF8C68-56E4-4349-BFC4-5F76BE011323}.Release|x86.Build.0 = Release|Win32
		{B5BA6819-E088-48DB-A585-85E2017B1B9F}.Debug|x64.ActiveCfg = Debug|x64
		{B5BA6819-E088-48DB-A585-85E2017B1B9F}.Debug|x64.Build.0 = Debug|x64
		{B5BA6819-E088-48DB-A585-85E2017B1B9F}.Debug|x86.ActiveCfg = Debug|Win32
		{B5BA6819-E088-48DB-A585-85E2017B1B9F}.Debug|x86.Build.0 = Debug|Win32
		{B5BA6819-E088-48DB-A585-85E2017B1B9F}.Release|x64.ActiveCfg = Release|x64
		{B5BA6819-E088-48DB-A585-85E2017B1B9F}.Release|x64.Build.0 = Release|x64
		{B5BA6819-E088-48DB-A585-85E2017B1B9F}.Release|x86.ActiveCfg = Release|Win32
		{B5BA6819-E088-48DB-A585-85E2017B1B9F}.Release|x86.Build.0 = Release|Win32
	EndGlobalSection
	GlobalSection(SolutionProperties) = preSolution
		HideSolutionNode = FALSE
	EndGlobalSection
	GlobalSection(ExtensibilityGlobals) = postSolution
		SolutionGuid = {FC92DDB4-6E87-4EB9-9733-50ABB7131171}
	EndGlobalSection
EndGlobal
